
Microsoft Visual Studio Solution File, Format Version 12.00
# Visual Studio 15
VisualStudioVersion = 15.0.26430.13
MinimumVisualStudioVersion = 10.0.40219.1
Project("{8BC9CEB8-8B4A-11D0-8D11-00A0C91BC942}") = "Gene", "Gene\Gene.vcxproj", "{313B1CD3-57E8-46DE-878B-2DF7298DB036}"
	ProjectSection(ProjectDependencies) = postProject
		{59C1ECFC-F6C2-4368-98F1-26239662EEC6} = {59C1ECFC-F6C2-4368-98F1-26239662EEC6}
	EndProjectSection
EndProject
Project("{8BC9CEB8-8B4A-11D0-8D11-00A0C91BC942}") = "Gene.Sandbox", "Gene.Sandbox\Gene.Sandbox.vcxproj", "{AC5573EE-0271-4629-B7C8-ED328A345481}"
	ProjectSection(ProjectDependencies) = postProject
		{313B1CD3-57E8-46DE-878B-2DF7298DB036} = {313B1CD3-57E8-46DE-878B-2DF7298DB036}
		{59C1ECFC-F6C2-4368-98F1-26239662EEC6} = {59C1ECFC-F6C2-4368-98F1-26239662EEC6}
	EndProjectSection
EndProject
Project("{2150E333-8FDC-42A3-9474-1A3956D46DE8}") = "Engine", "Engine", "{FCD6B682-7C4A-42B9-83B0-06A1696ABDD3}"
EndProject
Project("{2150E333-8FDC-42A3-9474-1A3956D46DE8}") = "Dependencies", "Dependencies", "{EE11252F-51CC-40FA-9B17-CDF13F0189B2}"
EndProject
Project("{8BC9CEB8-8B4A-11D0-8D11-00A0C91BC942}") = "FreeType", "Dependencies\FreeType\FreeType.vcxproj", "{59C1ECFC-F6C2-4368-98F1-26239662EEC6}"
EndProject
Project("{2150E333-8FDC-42A3-9474-1A3956D46DE8}") = "Tests", "Tests", "{BC662E70-5A66-4AB3-BB5F-449E3D636479}"
EndProject
Project("{8BC9CEB8-8B4A-11D0-8D11-00A0C91BC942}") = "Gene.UnitTests", "Gene\Tests\Gene.UnitTests\Gene.UnitTests.vcxproj", "{B0A899FB-B4D1-4768-8F12-DC275998D076}"
	ProjectSection(ProjectDependencies) = postProject
		{313B1CD3-57E8-46DE-878B-2DF7298DB036} = {313B1CD3-57E8-46DE-878B-2DF7298DB036}
	EndProjectSection
EndProject
Project("{2150E333-8FDC-42A3-9474-1A3956D46DE8}") = "Testing", "Testing", "{8A3FC36B-EDC0-44A1-A8C3-ED718CD18132}"
EndProject
Project("{8BC9CEB8-8B4A-11D0-8D11-00A0C91BC942}") = "Gene.UI", "Gene.UI\Gene.UI.vcxproj", "{6F1934A0-2863-400D-BC92-FCC472B5B26C}"
EndProject
Project("{2150E333-8FDC-42A3-9474-1A3956D46DE8}") = "Tools", "Tools", "{1657BBDD-0433-4E51-92BB-C656635FA0BE}"
EndProject
Global
	GlobalSection(SolutionConfigurationPlatforms) = preSolution
		Debug|Any CPU = Debug|Any CPU
		Debug|ARM = Debug|ARM
		Debug|ARM64 = Debug|ARM64
		Debug|x64 = Debug|x64
		Debug|x86 = Debug|x86
		Release|Any CPU = Release|Any CPU
		Release|ARM = Release|ARM
		Release|ARM64 = Release|ARM64
		Release|x64 = Release|x64
		Release|x86 = Release|x86
	EndGlobalSection
	GlobalSection(ProjectConfigurationPlatforms) = postSolution
		{313B1CD3-57E8-46DE-878B-2DF7298DB036}.Debug|Any CPU.ActiveCfg = Debug|Win32
		{313B1CD3-57E8-46DE-878B-2DF7298DB036}.Debug|ARM.ActiveCfg = Debug|Win32
		{313B1CD3-57E8-46DE-878B-2DF7298DB036}.Debug|ARM64.ActiveCfg = Debug|Win32
		{313B1CD3-57E8-46DE-878B-2DF7298DB036}.Debug|x64.ActiveCfg = Debug|x64
		{313B1CD3-57E8-46DE-878B-2DF7298DB036}.Debug|x64.Build.0 = Debug|x64
		{313B1CD3-57E8-46DE-878B-2DF7298DB036}.Debug|x86.ActiveCfg = Debug|Win32
		{313B1CD3-57E8-46DE-878B-2DF7298DB036}.Debug|x86.Build.0 = Debug|Win32
		{313B1CD3-57E8-46DE-878B-2DF7298DB036}.Release|Any CPU.ActiveCfg = Release|Win32
		{313B1CD3-57E8-46DE-878B-2DF7298DB036}.Release|ARM.ActiveCfg = Release|Win32
		{313B1CD3-57E8-46DE-878B-2DF7298DB036}.Release|ARM64.ActiveCfg = Release|Win32
		{313B1CD3-57E8-46DE-878B-2DF7298DB036}.Release|x64.ActiveCfg = Release|x64
		{313B1CD3-57E8-46DE-878B-2DF7298DB036}.Release|x64.Build.0 = Release|x64
		{313B1CD3-57E8-46DE-878B-2DF7298DB036}.Release|x86.ActiveCfg = Release|Win32
		{313B1CD3-57E8-46DE-878B-2DF7298DB036}.Release|x86.Build.0 = Release|Win32
		{AC5573EE-0271-4629-B7C8-ED328A345481}.Debug|Any CPU.ActiveCfg = Debug|Win32
		{AC5573EE-0271-4629-B7C8-ED328A345481}.Debug|ARM.ActiveCfg = Debug|Win32
		{AC5573EE-0271-4629-B7C8-ED328A345481}.Debug|ARM64.ActiveCfg = Debug|Win32
		{AC5573EE-0271-4629-B7C8-ED328A345481}.Debug|x64.ActiveCfg = Debug|x64
		{AC5573EE-0271-4629-B7C8-ED328A345481}.Debug|x64.Build.0 = Debug|x64
		{AC5573EE-0271-4629-B7C8-ED328A345481}.Debug|x86.ActiveCfg = Debug|Win32
		{AC5573EE-0271-4629-B7C8-ED328A345481}.Debug|x86.Build.0 = Debug|Win32
		{AC5573EE-0271-4629-B7C8-ED328A345481}.Release|Any CPU.ActiveCfg = Release|Win32
		{AC5573EE-0271-4629-B7C8-ED328A345481}.Release|ARM.ActiveCfg = Release|Win32
		{AC5573EE-0271-4629-B7C8-ED328A345481}.Release|ARM64.ActiveCfg = Release|Win32
		{AC5573EE-0271-4629-B7C8-ED328A345481}.Release|x64.ActiveCfg = Release|x64
		{AC5573EE-0271-4629-B7C8-ED328A345481}.Release|x64.Build.0 = Release|x64
		{AC5573EE-0271-4629-B7C8-ED328A345481}.Release|x86.ActiveCfg = Release|Win32
		{AC5573EE-0271-4629-B7C8-ED328A345481}.Release|x86.Build.0 = Release|Win32
		{59C1ECFC-F6C2-4368-98F1-26239662EEC6}.Debug|Any CPU.ActiveCfg = Debug|Win32
		{59C1ECFC-F6C2-4368-98F1-26239662EEC6}.Debug|ARM.ActiveCfg = Debug|Win32
		{59C1ECFC-F6C2-4368-98F1-26239662EEC6}.Debug|ARM64.ActiveCfg = Debug|Win32
		{59C1ECFC-F6C2-4368-98F1-26239662EEC6}.Debug|x64.ActiveCfg = Debug|x64
		{59C1ECFC-F6C2-4368-98F1-26239662EEC6}.Debug|x64.Build.0 = Debug|x64
		{59C1ECFC-F6C2-4368-98F1-26239662EEC6}.Debug|x86.ActiveCfg = Debug|Win32
		{59C1ECFC-F6C2-4368-98F1-26239662EEC6}.Debug|x86.Build.0 = Debug|Win32
		{59C1ECFC-F6C2-4368-98F1-26239662EEC6}.Release|Any CPU.ActiveCfg = Release|Win32
		{59C1ECFC-F6C2-4368-98F1-26239662EEC6}.Release|ARM.ActiveCfg = Release|Win32
		{59C1ECFC-F6C2-4368-98F1-26239662EEC6}.Release|ARM64.ActiveCfg = Release|Win32
		{59C1ECFC-F6C2-4368-98F1-26239662EEC6}.Release|x64.ActiveCfg = Release|x64
		{59C1ECFC-F6C2-4368-98F1-26239662EEC6}.Release|x64.Build.0 = Release|x64
		{59C1ECFC-F6C2-4368-98F1-26239662EEC6}.Release|x86.ActiveCfg = Release|Win32
		{59C1ECFC-F6C2-4368-98F1-26239662EEC6}.Release|x86.Build.0 = Release|Win32
		{B0A899FB-B4D1-4768-8F12-DC275998D076}.Debug|Any CPU.ActiveCfg = Debug|Win32
		{B0A899FB-B4D1-4768-8F12-DC275998D076}.Debug|ARM.ActiveCfg = Debug|Win32
		{B0A899FB-B4D1-4768-8F12-DC275998D076}.Debug|ARM64.ActiveCfg = Debug|Win32
		{B0A899FB-B4D1-4768-8F12-DC275998D076}.Debug|x64.ActiveCfg = Debug|x64
		{B0A899FB-B4D1-4768-8F12-DC275998D076}.Debug|x64.Build.0 = Debug|x64
		{B0A899FB-B4D1-4768-8F12-DC275998D076}.Debug|x86.ActiveCfg = Debug|Win32
		{B0A899FB-B4D1-4768-8F12-DC275998D076}.Debug|x86.Build.0 = Debug|Win32
		{B0A899FB-B4D1-4768-8F12-DC275998D076}.Release|Any CPU.ActiveCfg = Release|Win32
		{B0A899FB-B4D1-4768-8F12-DC275998D076}.Release|ARM.ActiveCfg = Release|Win32
		{B0A899FB-B4D1-4768-8F12-DC275998D076}.Release|ARM64.ActiveCfg = Release|Win32
		{B0A899FB-B4D1-4768-8F12-DC275998D076}.Release|x64.ActiveCfg = Release|x64
		{B0A899FB-B4D1-4768-8F12-DC275998D076}.Release|x64.Build.0 = Release|x64
		{B0A899FB-B4D1-4768-8F12-DC275998D076}.Release|x86.ActiveCfg = Release|Win32
		{B0A899FB-B4D1-4768-8F12-DC275998D076}.Release|x86.Build.0 = Release|Win32
		{6F1934A0-2863-400D-BC92-FCC472B5B26C}.Debug|Any CPU.ActiveCfg = Debug|Win32
		{6F1934A0-2863-400D-BC92-FCC472B5B26C}.Debug|ARM.ActiveCfg = Debug|Win32
		{6F1934A0-2863-400D-BC92-FCC472B5B26C}.Debug|ARM64.ActiveCfg = Debug|Win32
		{6F1934A0-2863-400D-BC92-FCC472B5B26C}.Debug|x64.ActiveCfg = Debug|x64
		{6F1934A0-2863-400D-BC92-FCC472B5B26C}.Debug|x64.Build.0 = Debug|x64
		{6F1934A0-2863-400D-BC92-FCC472B5B26C}.Debug|x86.ActiveCfg = Debug|Win32
		{6F1934A0-2863-400D-BC92-FCC472B5B26C}.Debug|x86.Build.0 = Debug|Win32
		{6F1934A0-2863-400D-BC92-FCC472B5B26C}.Release|Any CPU.ActiveCfg = Release|Win32
		{6F1934A0-2863-400D-BC92-FCC472B5B26C}.Release|ARM.ActiveCfg = Release|Win32
		{6F1934A0-2863-400D-BC92-FCC472B5B26C}.Release|ARM64.ActiveCfg = Release|Win32
		{6F1934A0-2863-400D-BC92-FCC472B5B26C}.Release|x64.ActiveCfg = Release|x64
		{6F1934A0-2863-400D-BC92-FCC472B5B26C}.Release|x64.Build.0 = Release|x64
		{6F1934A0-2863-400D-BC92-FCC472B5B26C}.Release|x86.ActiveCfg = Release|Win32
		{6F1934A0-2863-400D-BC92-FCC472B5B26C}.Release|x86.Build.0 = Release|Win32
	EndGlobalSection
	GlobalSection(SolutionProperties) = preSolution
		HideSolutionNode = FALSE
	EndGlobalSection
	GlobalSection(NestedProjects) = preSolution
		{313B1CD3-57E8-46DE-878B-2DF7298DB036} = {FCD6B682-7C4A-42B9-83B0-06A1696ABDD3}
		{AC5573EE-0271-4629-B7C8-ED328A345481} = {8A3FC36B-EDC0-44A1-A8C3-ED718CD18132}
		{59C1ECFC-F6C2-4368-98F1-26239662EEC6} = {EE11252F-51CC-40FA-9B17-CDF13F0189B2}
		{BC662E70-5A66-4AB3-BB5F-449E3D636479} = {FCD6B682-7C4A-42B9-83B0-06A1696ABDD3}
		{B0A899FB-B4D1-4768-8F12-DC275998D076} = {BC662E70-5A66-4AB3-BB5F-449E3D636479}
		{6F1934A0-2863-400D-BC92-FCC472B5B26C} = {FCD6B682-7C4A-42B9-83B0-06A1696ABDD3}
		{1657BBDD-0433-4E51-92BB-C656635FA0BE} = {FCD6B682-7C4A-42B9-83B0-06A1696ABDD3}
	EndGlobalSection
EndGlobal
