
Microsoft Visual Studio Solution File, Format Version 12.00
# Visual Studio 15
VisualStudioVersion = 15.0.26430.13
MinimumVisualStudioVersion = 10.0.40219.1
Project("{8BC9CEB8-8B4A-11D0-8D11-00A0C91BC942}") = "Gene", "Gene\Gene.vcxproj", "{313B1CD3-57E8-46DE-878B-2DF7298DB036}"
EndProject
Project("{8BC9CEB8-8B4A-11D0-8D11-00A0C91BC942}") = "Gene.Sandbox", "Gene.Sandbox\Gene.Sandbox.vcxproj", "{AC5573EE-0271-4629-B7C8-ED328A345481}"
	ProjectSection(ProjectDependencies) = postProject
		{313B1CD3-57E8-46DE-878B-2DF7298DB036} = {313B1CD3-57E8-46DE-878B-2DF7298DB036}
		{59C1ECFC-F6C2-4368-98F1-26239662EEC6} = {59C1ECFC-F6C2-4368-98F1-26239662EEC6}
	EndProjectSection
EndProject
Project("{2150E333-8FDC-42A3-9474-1A3956D46DE8}") = "Engine", "Engine", "{FCD6B682-7C4A-42B9-83B0-06A1696ABDD3}"
EndProject
Project("{2150E333-8FDC-42A3-9474-1A3956D46DE8}") = "Tools", "Tools", "{AAF9F1E6-94C6-4907-87C0-A985DA342300}"
EndProject
Project("{2150E333-8FDC-42A3-9474-1A3956D46DE8}") = "Dependencies", "Dependencies", "{EE11252F-51CC-40FA-9B17-CDF13F0189B2}"
EndProject
Project("{8BC9CEB8-8B4A-11D0-8D11-00A0C91BC942}") = "FreeType", "Dependencies\FreeType\FreeType.vcxproj", "{59C1ECFC-F6C2-4368-98F1-26239662EEC6}"
EndProject
Project("{2150E333-8FDC-42A3-9474-1A3956D46DE8}") = "Demos", "Demos", "{A7D6C929-69F6-4F6D-A20C-32D79FAFFEC5}"
EndProject
Project("{8BC9CEB8-8B4A-11D0-8D11-00A0C91BC942}") = "MinecraftClone", "Demos\MinecraftClone\MinecraftClone.vcxproj", "{54604654-B96A-472C-B5ED-B313587B3972}"
EndProject
Global
	GlobalSection(SolutionConfigurationPlatforms) = preSolution
		Debug|Any CPU = Debug|Any CPU
		Debug|ARM = Debug|ARM
		Debug|ARM64 = Debug|ARM64
		Debug|x64 = Debug|x64
		Debug|x86 = Debug|x86
		Release|Any CPU = Release|Any CPU
		Release|ARM = Release|ARM
		Release|ARM64 = Release|ARM64
		Release|x64 = Release|x64
		Release|x86 = Release|x86
	EndGlobalSection
	GlobalSection(ProjectConfigurationPlatforms) = postSolution
		{313B1CD3-57E8-46DE-878B-2DF7298DB036}.Debug|Any CPU.ActiveCfg = Debug|Win32
		{313B1CD3-57E8-46DE-878B-2DF7298DB036}.Debug|ARM.ActiveCfg = Debug|Win32
		{313B1CD3-57E8-46DE-878B-2DF7298DB036}.Debug|ARM64.ActiveCfg = Debug|Win32
		{313B1CD3-57E8-46DE-878B-2DF7298DB036}.Debug|x64.ActiveCfg = Debug|x64
		{313B1CD3-57E8-46DE-878B-2DF7298DB036}.Debug|x64.Build.0 = Debug|x64
		{313B1CD3-57E8-46DE-878B-2DF7298DB036}.Debug|x86.ActiveCfg = Debug|Win32
		{313B1CD3-57E8-46DE-878B-2DF7298DB036}.Debug|x86.Build.0 = Debug|Win32
		{313B1CD3-57E8-46DE-878B-2DF7298DB036}.Release|Any CPU.ActiveCfg = Release|Win32
		{313B1CD3-57E8-46DE-878B-2DF7298DB036}.Release|ARM.ActiveCfg = Release|Win32
		{313B1CD3-57E8-46DE-878B-2DF7298DB036}.Release|ARM64.ActiveCfg = Release|Win32
		{313B1CD3-57E8-46DE-878B-2DF7298DB036}.Release|x64.ActiveCfg = Release|x64
		{313B1CD3-57E8-46DE-878B-2DF7298DB036}.Release|x64.Build.0 = Release|x64
		{313B1CD3-57E8-46DE-878B-2DF7298DB036}.Release|x86.ActiveCfg = Release|Win32
		{313B1CD3-57E8-46DE-878B-2DF7298DB036}.Release|x86.Build.0 = Release|Win32
		{AC5573EE-0271-4629-B7C8-ED328A345481}.Debug|Any CPU.ActiveCfg = Debug|Win32
		{AC5573EE-0271-4629-B7C8-ED328A345481}.Debug|ARM.ActiveCfg = Debug|Win32
		{AC5573EE-0271-4629-B7C8-ED328A345481}.Debug|ARM64.ActiveCfg = Debug|Win32
		{AC5573EE-0271-4629-B7C8-ED328A345481}.Debug|x64.ActiveCfg = Debug|x64
		{AC5573EE-0271-4629-B7C8-ED328A345481}.Debug|x64.Build.0 = Debug|x64
		{AC5573EE-0271-4629-B7C8-ED328A345481}.Debug|x86.ActiveCfg = Debug|Win32
		{AC5573EE-0271-4629-B7C8-ED328A345481}.Debug|x86.Build.0 = Debug|Win32
		{AC5573EE-0271-4629-B7C8-ED328A345481}.Release|Any CPU.ActiveCfg = Release|Win32
		{AC5573EE-0271-4629-B7C8-ED328A345481}.Release|ARM.ActiveCfg = Release|Win32
		{AC5573EE-0271-4629-B7C8-ED328A345481}.Release|ARM64.ActiveCfg = Release|Win32
		{AC5573EE-0271-4629-B7C8-ED328A345481}.Release|x64.ActiveCfg = Release|x64
		{AC5573EE-0271-4629-B7C8-ED328A345481}.Release|x64.Build.0 = Release|x64
		{AC5573EE-0271-4629-B7C8-ED328A345481}.Release|x86.ActiveCfg = Release|Win32
		{AC5573EE-0271-4629-B7C8-ED328A345481}.Release|x86.Build.0 = Release|Win32
		{59C1ECFC-F6C2-4368-98F1-26239662EEC6}.Debug|Any CPU.ActiveCfg = Debug|Win32
		{59C1ECFC-F6C2-4368-98F1-26239662EEC6}.Debug|ARM.ActiveCfg = Debug|Win32
		{59C1ECFC-F6C2-4368-98F1-26239662EEC6}.Debug|ARM64.ActiveCfg = Debug|Win32
		{59C1ECFC-F6C2-4368-98F1-26239662EEC6}.Debug|x64.ActiveCfg = Debug|x64
		{59C1ECFC-F6C2-4368-98F1-26239662EEC6}.Debug|x64.Build.0 = Debug|x64
		{59C1ECFC-F6C2-4368-98F1-26239662EEC6}.Debug|x86.ActiveCfg = Debug|Win32
		{59C1ECFC-F6C2-4368-98F1-26239662EEC6}.Debug|x86.Build.0 = Debug|Win32
		{59C1ECFC-F6C2-4368-98F1-26239662EEC6}.Release|Any CPU.ActiveCfg = Release|Win32
		{59C1ECFC-F6C2-4368-98F1-26239662EEC6}.Release|ARM.ActiveCfg = Release|Win32
		{59C1ECFC-F6C2-4368-98F1-26239662EEC6}.Release|ARM64.ActiveCfg = Release|Win32
		{59C1ECFC-F6C2-4368-98F1-26239662EEC6}.Release|x64.ActiveCfg = Release|x64
		{59C1ECFC-F6C2-4368-98F1-26239662EEC6}.Release|x64.Build.0 = Release|x64
		{59C1ECFC-F6C2-4368-98F1-26239662EEC6}.Release|x86.ActiveCfg = Release|Win32
		{59C1ECFC-F6C2-4368-98F1-26239662EEC6}.Release|x86.Build.0 = Release|Win32
		{54604654-B96A-472C-B5ED-B313587B3972}.Debug|Any CPU.ActiveCfg = Debug|Win32
		{54604654-B96A-472C-B5ED-B313587B3972}.Debug|ARM.ActiveCfg = Debug|Win32
		{54604654-B96A-472C-B5ED-B313587B3972}.Debug|ARM64.ActiveCfg = Debug|Win32
		{54604654-B96A-472C-B5ED-B313587B3972}.Debug|x64.ActiveCfg = Debug|x64
		{54604654-B96A-472C-B5ED-B313587B3972}.Debug|x64.Build.0 = Debug|x64
		{54604654-B96A-472C-B5ED-B313587B3972}.Debug|x86.ActiveCfg = Debug|Win32
		{54604654-B96A-472C-B5ED-B313587B3972}.Debug|x86.Build.0 = Debug|Win32
		{54604654-B96A-472C-B5ED-B313587B3972}.Release|Any CPU.ActiveCfg = Release|Win32
		{54604654-B96A-472C-B5ED-B313587B3972}.Release|ARM.ActiveCfg = Release|Win32
		{54604654-B96A-472C-B5ED-B313587B3972}.Release|ARM64.ActiveCfg = Release|Win32
		{54604654-B96A-472C-B5ED-B313587B3972}.Release|x64.ActiveCfg = Release|x64
		{54604654-B96A-472C-B5ED-B313587B3972}.Release|x64.Build.0 = Release|x64
		{54604654-B96A-472C-B5ED-B313587B3972}.Release|x86.ActiveCfg = Release|Win32
		{54604654-B96A-472C-B5ED-B313587B3972}.Release|x86.Build.0 = Release|Win32
	EndGlobalSection
	GlobalSection(SolutionProperties) = preSolution
		HideSolutionNode = FALSE
	EndGlobalSection
	GlobalSection(NestedProjects) = preSolution
		{313B1CD3-57E8-46DE-878B-2DF7298DB036} = {FCD6B682-7C4A-42B9-83B0-06A1696ABDD3}
		{59C1ECFC-F6C2-4368-98F1-26239662EEC6} = {EE11252F-51CC-40FA-9B17-CDF13F0189B2}
		{54604654-B96A-472C-B5ED-B313587B3972} = {A7D6C929-69F6-4F6D-A20C-32D79FAFFEC5}
	EndGlobalSection
EndGlobal
